// !$*UTF8*$!
{
	archiveVersion = 1;
	classes = {
	};
	objectVersion = 46;
	objects = {

/* Begin PBXBuildFile section */
		BDB366E81AAEBE04007C813D /* main.m in Sources */ = {isa = PBXBuildFile; fileRef = BDB366E71AAEBE04007C813D /* main.m */; };
		BDB366EB1AAEBE04007C813D /* AppDelegate.m in Sources */ = {isa = PBXBuildFile; fileRef = BDB366EA1AAEBE04007C813D /* AppDelegate.m */; };
		BDB366EE1AAEBE04007C813D /* ViewController.m in Sources */ = {isa = PBXBuildFile; fileRef = BDB366ED1AAEBE04007C813D /* ViewController.m */; };
		BDB366F11AAEBE04007C813D /* Main.storyboard in Resources */ = {isa = PBXBuildFile; fileRef = BDB366EF1AAEBE04007C813D /* Main.storyboard */; };
		BDB366F31AAEBE04007C813D /* Images.xcassets in Resources */ = {isa = PBXBuildFile; fileRef = BDB366F21AAEBE04007C813D /* Images.xcassets */; };
		BDB366F61AAEBE04007C813D /* LaunchScreen.xib in Resources */ = {isa = PBXBuildFile; fileRef = BDB366F41AAEBE04007C813D /* LaunchScreen.xib */; };
		BDB367021AAEBE04007C813D /* GitPracticeTests.m in Sources */ = {isa = PBXBuildFile; fileRef = BDB367011AAEBE04007C813D /* GitPracticeTests.m */; };
/* End PBXBuildFile section */

/* Begin PBXContainerItemProxy section */
		BDB366FC1AAEBE04007C813D /* PBXContainerItemProxy */ = {
			isa = PBXContainerItemProxy;
			containerPortal = BDB366DA1AAEBE04007C813D /* Project object */;
			proxyType = 1;
			remoteGlobalIDString = BDB366E11AAEBE04007C813D;
			remoteInfo = GitPractice;
		};
/* End PBXContainerItemProxy section */

/* Begin PBXFileReference section */
		BDB366E21AAEBE04007C813D /* GitPractice.app */ = {isa = PBXFileReference; explicitFileType = wrapper.application; includeInIndex = 0; path = GitPractice.app; sourceTree = BUILT_PRODUCTS_DIR; };
		BDB366E61AAEBE04007C813D /* Info.plist */ = {isa = PBXFileReference; lastKnownFileType = text.plist.xml; path = Info.plist; sourceTree = "<group>"; };
		BDB366E71AAEBE04007C813D /* main.m */ = {isa = PBXFileReference; lastKnownFileType = sourcecode.c.objc; path = main.m; sourceTree = "<group>"; };
		BDB366E91AAEBE04007C813D /* AppDelegate.h */ = {isa = PBXFileReference; lastKnownFileType = sourcecode.c.h; path = AppDelegate.h; sourceTree = "<group>"; };
		BDB366EA1AAEBE04007C813D /* AppDelegate.m */ = {isa = PBXFileReference; lastKnownFileType = sourcecode.c.objc; path = AppDelegate.m; sourceTree = "<group>"; };
		BDB366EC1AAEBE04007C813D /* ViewController.h */ = {isa = PBXFileReference; lastKnownFileType = sourcecode.c.h; path = ViewController.h; sourceTree = "<group>"; };
		BDB366ED1AAEBE04007C813D /* ViewController.m */ = {isa = PBXFileReference; lastKnownFileType = sourcecode.c.objc; path = ViewController.m; sourceTree = "<group>"; };
		BDB366F01AAEBE04007C813D /* Base */ = {isa = PBXFileReference; lastKnownFileType = file.storyboard; name = Base; path = Base.lproj/Main.storyboard; sourceTree = "<group>"; };
		BDB366F21AAEBE04007C813D /* Images.xcassets */ = {isa = PBXFileReference; lastKnownFileType = folder.assetcatalog; path = Images.xcassets; sourceTree = "<group>"; };
		BDB366F51AAEBE04007C813D /* Base */ = {isa = PBXFileReference; lastKnownFileType = file.xib; name = Base; path = Base.lproj/LaunchScreen.xib; sourceTree = "<group>"; };
		BDB366FB1AAEBE04007C813D /* GitPracticeTests.xctest */ = {isa = PBXFileReference; explicitFileType = wrapper.cfbundle; includeInIndex = 0; path = GitPracticeTests.xctest; sourceTree = BUILT_PRODUCTS_DIR; };
		BDB367001AAEBE04007C813D /* Info.plist */ = {isa = PBXFileReference; lastKnownFileType = text.plist.xml; path = Info.plist; sourceTree = "<group>"; };
		BDB367011AAEBE04007C813D /* GitPracticeTests.m */ = {isa = PBXFileReference; lastKnownFileType = sourcecode.c.objc; path = GitPracticeTests.m; sourceTree = "<group>"; };
/* End PBXFileReference section */

/* Begin PBXFrameworksBuildPhase section */
		BDB366DF1AAEBE04007C813D /* Frameworks */ = {
			isa = PBXFrameworksBuildPhase;
			buildActionMask = 2147483647;
			files = (
			);
			runOnlyForDeploymentPostprocessing = 0;
		};
		BDB366F81AAEBE04007C813D /* Frameworks */ = {
			isa = PBXFrameworksBuildPhase;
			buildActionMask = 2147483647;
			files = (
			);
			runOnlyForDeploymentPostprocessing = 0;
		};
/* End PBXFrameworksBuildPhase section */

/* Begin PBXGroup section */
		BDB366D91AAEBE04007C813D = {
			isa = PBXGroup;
			children = (
				BDB366E41AAEBE04007C813D /* GitPractice */,
				BDB366FE1AAEBE04007C813D /* GitPracticeTests */,
				BDB366E31AAEBE04007C813D /* Products */,
			);
			sourceTree = "<group>";
		};
		BDB366E31AAEBE04007C813D /* Products */ = {
			isa = PBXGroup;
			children = (
				BDB366E21AAEBE04007C813D /* GitPractice.app */,
				BDB366FB1AAEBE04007C813D /* GitPracticeTests.xctest */,
			);
			name = Products;
			sourceTree = "<group>";
		};
		BDB366E41AAEBE04007C813D /* GitPractice */ = {
			isa = PBXGroup;
			children = (
				BDB366E91AAEBE04007C813D /* AppDelegate.h */,
				BDB366EA1AAEBE04007C813D /* AppDelegate.m */,
				BDB366EC1AAEBE04007C813D /* ViewController.h */,
				BDB366ED1AAEBE04007C813D /* ViewController.m */,
				BDB366EF1AAEBE04007C813D /* Main.storyboard */,
				BDB366F21AAEBE04007C813D /* Images.xcassets */,
				BDB366F41AAEBE04007C813D /* LaunchScreen.xib */,
				BDB366E51AAEBE04007C813D /* Supporting Files */,
			);
			path = GitPractice;
			sourceTree = "<group>";
		};
		BDB366E51AAEBE04007C813D /* Supporting Files */ = {
			isa = PBXGroup;
			children = (
				BDB366E61AAEBE04007C813D /* Info.plist */,
				BDB366E71AAEBE04007C813D /* main.m */,
			);
			name = "Supporting Files";
			sourceTree = "<group>";
		};
		BDB366FE1AAEBE04007C813D /* GitPracticeTests */ = {
			isa = PBXGroup;
			children = (
				BDB367011AAEBE04007C813D /* GitPracticeTests.m */,
				BDB366FF1AAEBE04007C813D /* Supporting Files */,
			);
			path = GitPracticeTests;
			sourceTree = "<group>";
		};
		BDB366FF1AAEBE04007C813D /* Supporting Files */ = {
			isa = PBXGroup;
			children = (
				BDB367001AAEBE04007C813D /* Info.plist */,
			);
			name = "Supporting Files";
			sourceTree = "<group>";
		};
/* End PBXGroup section */

/* Begin PBXNativeTarget section */
		BDB366E11AAEBE04007C813D /* GitPractice */ = {
			isa = PBXNativeTarget;
			buildConfigurationList = BDB367051AAEBE04007C813D /* Build configuration list for PBXNativeTarget "GitPractice" */;
			buildPhases = (
				BDB366DE1AAEBE04007C813D /* Sources */,
				BDB366DF1AAEBE04007C813D /* Frameworks */,
				BDB366E01AAEBE04007C813D /* Resources */,
			);
			buildRules = (
			);
			dependencies = (
			);
			name = GitPractice;
			productName = GitPractice;
			productReference = BDB366E21AAEBE04007C813D /* GitPractice.app */;
			productType = "com.apple.product-type.application";
		};
		BDB366FA1AAEBE04007C813D /* GitPracticeTests */ = {
			isa = PBXNativeTarget;
			buildConfigurationList = BDB367081AAEBE04007C813D /* Build configuration list for PBXNativeTarget "GitPracticeTests" */;
			buildPhases = (
				BDB366F71AAEBE04007C813D /* Sources */,
				BDB366F81AAEBE04007C813D /* Frameworks */,
				BDB366F91AAEBE04007C813D /* Resources */,
			);
			buildRules = (
			);
			dependencies = (
				BDB366FD1AAEBE04007C813D /* PBXTargetDependency */,
			);
			name = GitPracticeTests;
			productName = GitPracticeTests;
			productReference = BDB366FB1AAEBE04007C813D /* GitPracticeTests.xctest */;
			productType = "com.apple.product-type.bundle.unit-test";
		};
/* End PBXNativeTarget section */

/* Begin PBXProject section */
		BDB366DA1AAEBE04007C813D /* Project object */ = {
			isa = PBXProject;
			attributes = {
				LastUpgradeCheck = 0610;
				ORGANIZATIONNAME = "Classmethod, Inc.";
				TargetAttributes = {
					BDB366E11AAEBE04007C813D = {
						CreatedOnToolsVersion = 6.1.1;
					};
					BDB366FA1AAEBE04007C813D = {
						CreatedOnToolsVersion = 6.1.1;
						TestTargetID = BDB366E11AAEBE04007C813D;
					};
				};
			};
			buildConfigurationList = BDB366DD1AAEBE04007C813D /* Build configuration list for PBXProject "GitPractice" */;
			compatibilityVersion = "Xcode 3.2";
			developmentRegion = English;
			hasScannedForEncodings = 0;
			knownRegions = (
				en,
				Base,
			);
			mainGroup = BDB366D91AAEBE04007C813D;
			productRefGroup = BDB366E31AAEBE04007C813D /* Products */;
			projectDirPath = "";
			projectRoot = "";
			targets = (
				BDB366E11AAEBE04007C813D /* GitPractice */,
				BDB366FA1AAEBE04007C813D /* GitPracticeTests */,
			);
		};
/* End PBXProject section */

/* Begin PBXResourcesBuildPhase section */
		BDB366E01AAEBE04007C813D /* Resources */ = {
			isa = PBXResourcesBuildPhase;
			buildActionMask = 2147483647;
			files = (
				BDB366F11AAEBE04007C813D /* Main.storyboard in Resources */,
				BDB366F61AAEBE04007C813D /* LaunchScreen.xib in Resources */,
				BDB366F31AAEBE04007C813D /* Images.xcassets in Resources */,
			);
			runOnlyForDeploymentPostprocessing = 0;
		};
		BDB366F91AAEBE04007C813D /* Resources */ = {
			isa = PBXResourcesBuildPhase;
			buildActionMask = 2147483647;
			files = (
			);
			runOnlyForDeploymentPostprocessing = 0;
		};
/* End PBXResourcesBuildPhase section */

/* Begin PBXSourcesBuildPhase section */
		BDB366DE1AAEBE04007C813D /* Sources */ = {
			isa = PBXSourcesBuildPhase;
			buildActionMask = 2147483647;
			files = (
				BDB366EE1AAEBE04007C813D /* ViewController.m in Sources */,
				BDB366EB1AAEBE04007C813D /* AppDelegate.m in Sources */,
				BDB366E81AAEBE04007C813D /* main.m in Sources */,
			);
			runOnlyForDeploymentPostprocessing = 0;
		};
		BDB366F71AAEBE04007C813D /* Sources */ = {
			isa = PBXSourcesBuildPhase;
			buildActionMask = 2147483647;
			files = (
				BDB367021AAEBE04007C813D /* GitPracticeTests.m in Sources */,
			);
			runOnlyForDeploymentPostprocessing = 0;
		};
/* End PBXSourcesBuildPhase section */

/* Begin PBXTargetDependency section */
		BDB366FD1AAEBE04007C813D /* PBXTargetDependency */ = {
			isa = PBXTargetDependency;
			target = BDB366E11AAEBE04007C813D /* GitPractice */;
			targetProxy = BDB366FC1AAEBE04007C813D /* PBXContainerItemProxy */;
		};
/* End PBXTargetDependency section */

/* Begin PBXVariantGroup section */
		BDB366EF1AAEBE04007C813D /* Main.storyboard */ = {
			isa = PBXVariantGroup;
			children = (
				BDB366F01AAEBE04007C813D /* Base */,
			);
			name = Main.storyboard;
			sourceTree = "<group>";
		};
		BDB366F41AAEBE04007C813D /* LaunchScreen.xib */ = {
			isa = PBXVariantGroup;
			children = (
				BDB366F51AAEBE04007C813D /* Base */,
			);
			name = LaunchScreen.xib;
			sourceTree = "<group>";
		};
/* End PBXVariantGroup section */

/* Begin XCBuildConfiguration section */
		BDB367031AAEBE04007C813D /* Debug */ = {
			isa = XCBuildConfiguration;
			buildSettings = {
				ALWAYS_SEARCH_USER_PATHS = NO;
				CLANG_CXX_LANGUAGE_STANDARD = "gnu++0x";
				CLANG_CXX_LIBRARY = "libc++";
				CLANG_ENABLE_MODULES = YES;
				CLANG_ENABLE_OBJC_ARC = YES;
				CLANG_WARN_BOOL_CONVERSION = YES;
				CLANG_WARN_CONSTANT_CONVERSION = YES;
				CLANG_WARN_DIRECT_OBJC_ISA_USAGE = YES_ERROR;
				CLANG_WARN_EMPTY_BODY = YES;
				CLANG_WARN_ENUM_CONVERSION = YES;
				CLANG_WARN_INT_CONVERSION = YES;
				CLANG_WARN_OBJC_ROOT_CLASS = YES_ERROR;
				CLANG_WARN_UNREACHABLE_CODE = YES;
				CLANG_WARN__DUPLICATE_METHOD_MATCH = YES;
				"CODE_SIGN_IDENTITY[sdk=iphoneos*]" = "iPhone Developer";
				COPY_PHASE_STRIP = NO;
				ENABLE_STRICT_OBJC_MSGSEND = YES;
				GCC_C_LANGUAGE_STANDARD = gnu99;
				GCC_DYNAMIC_NO_PIC = NO;
				GCC_OPTIMIZATION_LEVEL = 0;
				GCC_PREPROCESSOR_DEFINITIONS = (
					"DEBUG=1",
					"$(inherited)",
				);
				GCC_SYMBOLS_PRIVATE_EXTERN = NO;
				GCC_WARN_64_TO_32_BIT_CONVERSION = YES;
				GCC_WARN_ABOUT_RETURN_TYPE = YES_ERROR;
				GCC_WARN_UNDECLARED_SELECTOR = YES;
				GCC_WARN_UNINITIALIZED_AUTOS = YES_AGGRESSIVE;
				GCC_WARN_UNUSED_FUNCTION = YES;
				GCC_WARN_UNUSED_VARIABLE = YES;
				IPHONEOS_DEPLOYMENT_TARGET = 8.1;
				MTL_ENABLE_DEBUG_INFO = YES;
				ONLY_ACTIVE_ARCH = YES;
				SDKROOT = iphoneos;
			};
			name = Debug;
		};
		BDB367041AAEBE04007C813D /* Release */ = {
			isa = XCBuildConfiguration;
			buildSettings = {
				ALWAYS_SEARCH_USER_PATHS = NO;
				CLANG_CXX_LANGUAGE_STANDARD = "gnu++0x";
				CLANG_CXX_LIBRARY = "libc++";
				CLANG_ENABLE_MODULES = YES;
				CLANG_ENABLE_OBJC_ARC = YES;
				CLANG_WARN_BOOL_CONVERSION = YES;
				CLANG_WARN_CONSTANT_CONVERSION = YES;
				CLANG_WARN_DIRECT_OBJC_ISA_USAGE = YES_ERROR;
				CLANG_WARN_EMPTY_BODY = YES;
				CLANG_WARN_ENUM_CONVERSION = YES;
				CLANG_WARN_INT_CONVERSION = YES;
				CLANG_WARN_OBJC_ROOT_CLASS = YES_ERROR;
				CLANG_WARN_UNREACHABLE_CODE = YES;
				CLANG_WARN__DUPLICATE_METHOD_MATCH = YES;
				"CODE_SIGN_IDENTITY[sdk=iphoneos*]" = "iPhone Developer";
				COPY_PHASE_STRIP = YES;
				ENABLE_NS_ASSERTIONS = NO;
				ENABLE_STRICT_OBJC_MSGSEND = YES;
				GCC_C_LANGUAGE_STANDARD = gnu99;
				GCC_WARN_64_TO_32_BIT_CONVERSION = YES;
				GCC_WARN_ABOUT_RETURN_TYPE = YES_ERROR;
				GCC_WARN_UNDECLARED_SELECTOR = YES;
				GCC_WARN_UNINITIALIZED_AUTOS = YES_AGGRESSIVE;
				GCC_WARN_UNUSED_FUNCTION = YES;
				GCC_WARN_UNUSED_VARIABLE = YES;
				IPHONEOS_DEPLOYMENT_TARGET = 8.1;
				MTL_ENABLE_DEBUG_INFO = NO;
				SDKROOT = iphoneos;
				VALIDATE_PRODUCT = YES;
			};
			name = Release;
		};
		BDB367061AAEBE04007C813D /* Debug */ = {
			isa = XCBuildConfiguration;
			buildSettings = {
				ASSETCATALOG_COMPILER_APPICON_NAME = AppIcon;
				INFOPLIST_FILE = GitPractice/Info.plist;
				LD_RUNPATH_SEARCH_PATHS = "$(inherited) @executable_path/Frameworks";
				PRODUCT_NAME = "$(TARGET_NAME)";
			};
			name = Debug;
		};
		BDB367071AAEBE04007C813D /* Release */ = {
			isa = XCBuildConfiguration;
			buildSettings = {
				ASSETCATALOG_COMPILER_APPICON_NAME = AppIcon;
				CODE_SIGN_IDENTITY = "iPhone Distribution";
				"CODE_SIGN_IDENTITY[sdk=iphoneos*]" = "iPhone Distribution";
				INFOPLIST_FILE = GitPractice/Info.plist;
				LD_RUNPATH_SEARCH_PATHS = "$(inherited) @executable_path/Frameworks";
				PRODUCT_NAME = "$(TARGET_NAME)";
			};
			name = Release;
		};
		BDB367091AAEBE04007C813D /* Debug */ = {
			isa = XCBuildConfiguration;
			buildSettings = {
				BUNDLE_LOADER = "$(TEST_HOST)";
				FRAMEWORK_SEARCH_PATHS = (
					"$(SDKROOT)/Developer/Library/Frameworks",
					"$(inherited)",
				);
				GCC_PREPROCESSOR_DEFINITIONS = (
					"DEBUG=1",
					"$(inherited)",
				);
				INFOPLIST_FILE = GitPracticeTests/Info.plist;
				LD_RUNPATH_SEARCH_PATHS = "$(inherited) @executable_path/Frameworks @loader_path/Frameworks";
				PRODUCT_NAME = "$(TARGET_NAME)";
				TEST_HOST = "$(BUILT_PRODUCTS_DIR)/GitPractice.app/GitPractice";
			};
			name = Debug;
		};
		BDB3670A1AAEBE04007C813D /* Release */ = {
			isa = XCBuildConfiguration;
			buildSettings = {
				BUNDLE_LOADER = "$(TEST_HOST)";
				FRAMEWORK_SEARCH_PATHS = (
					"$(SDKROOT)/Developer/Library/Frameworks",
					"$(inherited)",
				);
				INFOPLIST_FILE = GitPracticeTests/Info.plist;
				LD_RUNPATH_SEARCH_PATHS = "$(inherited) @executable_path/Frameworks @loader_path/Frameworks";
				PRODUCT_NAME = "$(TARGET_NAME)";
				TEST_HOST = "$(BUILT_PRODUCTS_DIR)/GitPractice.app/GitPractice";
			};
			name = Release;
		};
/* End XCBuildConfiguration section */

/* Begin XCConfigurationList section */
		BDB366DD1AAEBE04007C813D /* Build configuration list for PBXProject "GitPractice" */ = {
			isa = XCConfigurationList;
			buildConfigurations = (
				BDB367031AAEBE04007C813D /* Debug */,
				BDB367041AAEBE04007C813D /* Release */,
			);
			defaultConfigurationIsVisible = 0;
			defaultConfigurationName = Release;
		};
		BDB367051AAEBE04007C813D /* Build configuration list for PBXNativeTarget "GitPractice" */ = {
			isa = XCConfigurationList;
			buildConfigurations = (
				BDB367061AAEBE04007C813D /* Debug */,
				BDB367071AAEBE04007C813D /* Release */,
			);
			defaultConfigurationIsVisible = 0;
			defaultConfigurationName = Release;
		};
		BDB367081AAEBE04007C813D /* Build configuration list for PBXNativeTarget "GitPracticeTests" */ = {
			isa = XCConfigurationList;
			buildConfigurations = (
				BDB367091AAEBE04007C813D /* Debug */,
				BDB3670A1AAEBE04007C813D /* Release */,
			);
			defaultConfigurationIsVisible = 0;
			defaultConfigurationName = Release;
		};
/* End XCConfigurationList section */
	};
	rootObject = BDB366DA1AAEBE04007C813D /* Project object */;
}
